# This file was autogenerated by Stack.
# You should not edit this file by hand.
# For more information, please see the documentation at:
#   https://docs.haskellstack.org/en/stable/topics/lock_files

packages:
- completed:
    hackage: pandoc-sidenote-0.23.0.0@sha256:11b3a4d28fb3d40e38fbd671589aa65da7493c0dfec52fd32f2dd34eed82e021,1643
    pantry-tree:
      sha256: 400b3ae0571f9ec9c2643b5d72f3caf31982752ab5988a5364e87c79a371a4ee
      size: 322
  original:
    hackage: pandoc-sidenote-0.23.0.0@sha256:11b3a4d28fb3d40e38fbd671589aa65da7493c0dfec52fd32f2dd34eed82e021,1643
snapshots:
- completed:
    sha256: 2763632e4c4094ce12f5ae12b22f524cdc6453b6b19007ff164a37fd9d2ea829
    size: 683819
    url: https://raw.githubusercontent.com/commercialhaskell/stackage-snapshots/master/lts/23/17.yaml
  original:
    url: https://raw.githubusercontent.com/commercialhaskell/stackage-snapshots/master/lts/23/17.yaml
